// !$*UTF8*$!
{
	archiveVersion = 1;
	classes = {
	};
	objectVersion = 56;
	objects = {

/* Begin PBXBuildFile section */
		FA03934928EF788700726AA2 /* GoogleService-Info.plist in Resources */ = {isa = PBXBuildFile; fileRef = FA03934828EF788700726AA2 /* GoogleService-Info.plist */; };
		FA03934C28EF7A3E00726AA2 /* FirebaseAnalyticsWithoutAdIdSupport in Frameworks */ = {isa = PBXBuildFile; productRef = FA03934B28EF7A3E00726AA2 /* FirebaseAnalyticsWithoutAdIdSupport */; };
		FA06028628E5C540008467C3 /* MockURLProtocol.swift in Sources */ = {isa = PBXBuildFile; fileRef = FA06028528E5C540008467C3 /* MockURLProtocol.swift */; };
		FA06028828E5C5B4008467C3 /* CoinDataServiceTests.swift in Sources */ = {isa = PBXBuildFile; fileRef = FA06028728E5C5B4008467C3 /* CoinDataServiceTests.swift */; };
		FA06028A28E5C6B5008467C3 /* CoinDetailDataService.swift in Sources */ = {isa = PBXBuildFile; fileRef = FA06028928E5C6B5008467C3 /* CoinDetailDataService.swift */; };
		FA06028C28E5E258008467C3 /* MarketDataServiceTests.swift in Sources */ = {isa = PBXBuildFile; fileRef = FA06028B28E5E257008467C3 /* MarketDataServiceTests.swift */; };
		FA22643F28D91BE0000C9C38 /* Crypto2App.swift in Sources */ = {isa = PBXBuildFile; fileRef = FA22643E28D91BE0000C9C38 /* Crypto2App.swift */; };
		FA22644328D91BE2000C9C38 /* Assets.xcassets in Resources */ = {isa = PBXBuildFile; fileRef = FA22644228D91BE2000C9C38 /* Assets.xcassets */; };
		FA22644628D91BE2000C9C38 /* Preview Assets.xcassets in Resources */ = {isa = PBXBuildFile; fileRef = FA22644528D91BE2000C9C38 /* Preview Assets.xcassets */; };
		FA22645A28D91BE2000C9C38 /* Crypto2UITests.swift in Sources */ = {isa = PBXBuildFile; fileRef = FA22645928D91BE2000C9C38 /* Crypto2UITests.swift */; };
		FA22645C28D91BE2000C9C38 /* Crypto2UITestsLaunchTests.swift in Sources */ = {isa = PBXBuildFile; fileRef = FA22645B28D91BE2000C9C38 /* Crypto2UITestsLaunchTests.swift */; };
		FA22647D28D9214A000C9C38 /* LaunchScreen.storyboard in Resources */ = {isa = PBXBuildFile; fileRef = FA22647C28D9214A000C9C38 /* LaunchScreen.storyboard */; };
		FA22647F28D9219F000C9C38 /* NetworkingManager.swift in Sources */ = {isa = PBXBuildFile; fileRef = FA22647E28D9219F000C9C38 /* NetworkingManager.swift */; };
		FA22648328D921F3000C9C38 /* HapticManager.swift in Sources */ = {isa = PBXBuildFile; fileRef = FA22648228D921F3000C9C38 /* HapticManager.swift */; };
		FA22648528D92221000C9C38 /* Color.swift in Sources */ = {isa = PBXBuildFile; fileRef = FA22648428D92221000C9C38 /* Color.swift */; };
		FA22648728D92250000C9C38 /* PreviewProvider.swift in Sources */ = {isa = PBXBuildFile; fileRef = FA22648628D92250000C9C38 /* PreviewProvider.swift */; };
		FA22648928D92279000C9C38 /* Double.swift in Sources */ = {isa = PBXBuildFile; fileRef = FA22648828D92279000C9C38 /* Double.swift */; };
		FA22648B28D9229F000C9C38 /* UIApplication.swift in Sources */ = {isa = PBXBuildFile; fileRef = FA22648A28D9229F000C9C38 /* UIApplication.swift */; };
		FA22648D28D922CB000C9C38 /* Date.swift in Sources */ = {isa = PBXBuildFile; fileRef = FA22648C28D922CB000C9C38 /* Date.swift */; };
		FA22648F28D922E7000C9C38 /* String.swift in Sources */ = {isa = PBXBuildFile; fileRef = FA22648E28D922E7000C9C38 /* String.swift */; };
		FA22649128D9230F000C9C38 /* CoinDataService.swift in Sources */ = {isa = PBXBuildFile; fileRef = FA22649028D9230F000C9C38 /* CoinDataService.swift */; };
		FA22649328D9233F000C9C38 /* CoinDetailDataService.swift in Sources */ = {isa = PBXBuildFile; fileRef = FA22649228D9233F000C9C38 /* CoinDetailDataService.swift */; };
		FA22649728D92399000C9C38 /* MarketDataService.swift in Sources */ = {isa = PBXBuildFile; fileRef = FA22649628D92399000C9C38 /* MarketDataService.swift */; };
		FA22649928D923C6000C9C38 /* PortfolioDataService.swift in Sources */ = {isa = PBXBuildFile; fileRef = FA22649828D923C6000C9C38 /* PortfolioDataService.swift */; };
		FA22649B28D923FA000C9C38 /* Coin.swift in Sources */ = {isa = PBXBuildFile; fileRef = FA22649A28D923FA000C9C38 /* Coin.swift */; };
		FA22649D28D9241F000C9C38 /* CoinDetail.swift in Sources */ = {isa = PBXBuildFile; fileRef = FA22649C28D9241F000C9C38 /* CoinDetail.swift */; };
		FA22649F28D92445000C9C38 /* Statistic.swift in Sources */ = {isa = PBXBuildFile; fileRef = FA22649E28D92445000C9C38 /* Statistic.swift */; };
		FA2264A128D9246F000C9C38 /* MarketData.swift in Sources */ = {isa = PBXBuildFile; fileRef = FA2264A028D9246F000C9C38 /* MarketData.swift */; };
		FA2264A428D92498000C9C38 /* PortfolioContainer.xcdatamodeld in Sources */ = {isa = PBXBuildFile; fileRef = FA2264A228D92498000C9C38 /* PortfolioContainer.xcdatamodeld */; };
		FA2264A628D924FD000C9C38 /* CoinImageView.swift in Sources */ = {isa = PBXBuildFile; fileRef = FA2264A528D924FD000C9C38 /* CoinImageView.swift */; };
		FA2264AA28D92561000C9C38 /* CoinLogoView.swift in Sources */ = {isa = PBXBuildFile; fileRef = FA2264A928D92561000C9C38 /* CoinLogoView.swift */; };
		FA2264AC28D92598000C9C38 /* CircleButtonView.swift in Sources */ = {isa = PBXBuildFile; fileRef = FA2264AB28D92598000C9C38 /* CircleButtonView.swift */; };
		FA2264AE28D925CE000C9C38 /* CircleButtonAnimationView.swift in Sources */ = {isa = PBXBuildFile; fileRef = FA2264AD28D925CE000C9C38 /* CircleButtonAnimationView.swift */; };
		FA2264B028D925FE000C9C38 /* SearchBarView.swift in Sources */ = {isa = PBXBuildFile; fileRef = FA2264AF28D925FD000C9C38 /* SearchBarView.swift */; };
		FA2264B228D9262E000C9C38 /* StatisticView.swift in Sources */ = {isa = PBXBuildFile; fileRef = FA2264B128D9262E000C9C38 /* StatisticView.swift */; };
		FA2264B428D9265B000C9C38 /* XMarkButtonView.swift in Sources */ = {isa = PBXBuildFile; fileRef = FA2264B328D9265B000C9C38 /* XMarkButtonView.swift */; };
		FA2264B628D92698000C9C38 /* HomeViewModel.swift in Sources */ = {isa = PBXBuildFile; fileRef = FA2264B528D92698000C9C38 /* HomeViewModel.swift */; };
		FA2264B828D926D1000C9C38 /* HomeView.swift in Sources */ = {isa = PBXBuildFile; fileRef = FA2264B728D926D1000C9C38 /* HomeView.swift */; };
		FA2264BA28D926F8000C9C38 /* HomeStatsView.swift in Sources */ = {isa = PBXBuildFile; fileRef = FA2264B928D926F8000C9C38 /* HomeStatsView.swift */; };
		FA2264BC28D92724000C9C38 /* CoinRowView.swift in Sources */ = {isa = PBXBuildFile; fileRef = FA2264BB28D92724000C9C38 /* CoinRowView.swift */; };
		FA2264BE28D9274C000C9C38 /* PortfolioView.swift in Sources */ = {isa = PBXBuildFile; fileRef = FA2264BD28D9274C000C9C38 /* PortfolioView.swift */; };
		FA2264C028D92785000C9C38 /* SettingsView.swift in Sources */ = {isa = PBXBuildFile; fileRef = FA2264BF28D92785000C9C38 /* SettingsView.swift */; };
		FA2264C228D927B8000C9C38 /* DetailViewModel.swift in Sources */ = {isa = PBXBuildFile; fileRef = FA2264C128D927B8000C9C38 /* DetailViewModel.swift */; };
		FA2264C428D927F3000C9C38 /* DetailView.swift in Sources */ = {isa = PBXBuildFile; fileRef = FA2264C328D927F3000C9C38 /* DetailView.swift */; };
		FA2264C628D92828000C9C38 /* ChartView.swift in Sources */ = {isa = PBXBuildFile; fileRef = FA2264C528D92828000C9C38 /* ChartView.swift */; };
		FA2E9BA628DC4D0C002606EC /* MockCoinDataService.swift in Sources */ = {isa = PBXBuildFile; fileRef = FA2E9BA528DC4D0C002606EC /* MockCoinDataService.swift */; };
		FA8CBFD228DE6B5200CB3E5A /* MockMarketDataService.swift in Sources */ = {isa = PBXBuildFile; fileRef = FA8CBFD128DE6B5200CB3E5A /* MockMarketDataService.swift */; };
		FA8CBFD428DE6BBB00CB3E5A /* HomeViewModelTests.swift in Sources */ = {isa = PBXBuildFile; fileRef = FA8CBFD328DE6BBB00CB3E5A /* HomeViewModelTests.swift */; };
		FA8CBFD828DE704000CB3E5A /* DetailViewModelTests.swift in Sources */ = {isa = PBXBuildFile; fileRef = FA8CBFD728DE704000CB3E5A /* DetailViewModelTests.swift */; };
		FAAA7F1728E88B690015B007 /* MockCoinDetailDataService.swift in Sources */ = {isa = PBXBuildFile; fileRef = FA8CBFD928DE70B000CB3E5A /* MockCoinDetailDataService.swift */; };
		FAAA7F1A28E895380015B007 /* PortfolioDataServiceTests.swift in Sources */ = {isa = PBXBuildFile; fileRef = FAAA7F1928E895380015B007 /* PortfolioDataServiceTests.swift */; };
		FAAED15128EB80DB00585BE1 /* MockCoin.swift in Sources */ = {isa = PBXBuildFile; fileRef = FAAED15028EB80DB00585BE1 /* MockCoin.swift */; };
/* End PBXBuildFile section */

/* Begin PBXContainerItemProxy section */
		FA22644C28D91BE2000C9C38 /* PBXContainerItemProxy */ = {
			isa = PBXContainerItemProxy;
			containerPortal = FA22643328D91BE0000C9C38 /* Project object */;
			proxyType = 1;
			remoteGlobalIDString = FA22643A28D91BE0000C9C38;
			remoteInfo = Crypto2;
		};
		FA22645628D91BE2000C9C38 /* PBXContainerItemProxy */ = {
			isa = PBXContainerItemProxy;
			containerPortal = FA22643328D91BE0000C9C38 /* Project object */;
			proxyType = 1;
			remoteGlobalIDString = FA22643A28D91BE0000C9C38;
			remoteInfo = Crypto2;
		};
/* End PBXContainerItemProxy section */

/* Begin PBXFileReference section */
		FA03934828EF788700726AA2 /* GoogleService-Info.plist */ = {isa = PBXFileReference; fileEncoding = 4; lastKnownFileType = text.plist.xml; name = "GoogleService-Info.plist"; path = "../../../../../Downloads/GoogleService-Info.plist"; sourceTree = "<group>"; };
		FA06028528E5C540008467C3 /* MockURLProtocol.swift */ = {isa = PBXFileReference; lastKnownFileType = sourcecode.swift; path = MockURLProtocol.swift; sourceTree = "<group>"; };
		FA06028728E5C5B4008467C3 /* CoinDataServiceTests.swift */ = {isa = PBXFileReference; lastKnownFileType = sourcecode.swift; path = CoinDataServiceTests.swift; sourceTree = "<group>"; };
		FA06028928E5C6B5008467C3 /* CoinDetailDataService.swift */ = {isa = PBXFileReference; lastKnownFileType = sourcecode.swift; path = CoinDetailDataService.swift; sourceTree = "<group>"; };
		FA06028B28E5E257008467C3 /* MarketDataServiceTests.swift */ = {isa = PBXFileReference; lastKnownFileType = sourcecode.swift; path = MarketDataServiceTests.swift; sourceTree = "<group>"; };
		FA22643B28D91BE0000C9C38 /* Crypto2.app */ = {isa = PBXFileReference; explicitFileType = wrapper.application; includeInIndex = 0; path = Crypto2.app; sourceTree = BUILT_PRODUCTS_DIR; };
		FA22643E28D91BE0000C9C38 /* Crypto2App.swift */ = {isa = PBXFileReference; lastKnownFileType = sourcecode.swift; path = Crypto2App.swift; sourceTree = "<group>"; };
		FA22644228D91BE2000C9C38 /* Assets.xcassets */ = {isa = PBXFileReference; lastKnownFileType = folder.assetcatalog; path = Assets.xcassets; sourceTree = "<group>"; };
		FA22644528D91BE2000C9C38 /* Preview Assets.xcassets */ = {isa = PBXFileReference; lastKnownFileType = folder.assetcatalog; path = "Preview Assets.xcassets"; sourceTree = "<group>"; };
		FA22644B28D91BE2000C9C38 /* Crypto2Tests.xctest */ = {isa = PBXFileReference; explicitFileType = wrapper.cfbundle; includeInIndex = 0; path = Crypto2Tests.xctest; sourceTree = BUILT_PRODUCTS_DIR; };
		FA22645528D91BE2000C9C38 /* Crypto2UITests.xctest */ = {isa = PBXFileReference; explicitFileType = wrapper.cfbundle; includeInIndex = 0; path = Crypto2UITests.xctest; sourceTree = BUILT_PRODUCTS_DIR; };
		FA22645928D91BE2000C9C38 /* Crypto2UITests.swift */ = {isa = PBXFileReference; lastKnownFileType = sourcecode.swift; path = Crypto2UITests.swift; sourceTree = "<group>"; };
		FA22645B28D91BE2000C9C38 /* Crypto2UITestsLaunchTests.swift */ = {isa = PBXFileReference; lastKnownFileType = sourcecode.swift; path = Crypto2UITestsLaunchTests.swift; sourceTree = "<group>"; };
		FA22647C28D9214A000C9C38 /* LaunchScreen.storyboard */ = {isa = PBXFileReference; lastKnownFileType = file.storyboard; path = LaunchScreen.storyboard; sourceTree = "<group>"; };
		FA22647E28D9219F000C9C38 /* NetworkingManager.swift */ = {isa = PBXFileReference; lastKnownFileType = sourcecode.swift; path = NetworkingManager.swift; sourceTree = "<group>"; };
		FA22648228D921F3000C9C38 /* HapticManager.swift */ = {isa = PBXFileReference; lastKnownFileType = sourcecode.swift; path = HapticManager.swift; sourceTree = "<group>"; };
		FA22648428D92221000C9C38 /* Color.swift */ = {isa = PBXFileReference; lastKnownFileType = sourcecode.swift; path = Color.swift; sourceTree = "<group>"; };
		FA22648628D92250000C9C38 /* PreviewProvider.swift */ = {isa = PBXFileReference; lastKnownFileType = sourcecode.swift; path = PreviewProvider.swift; sourceTree = "<group>"; };
		FA22648828D92279000C9C38 /* Double.swift */ = {isa = PBXFileReference; lastKnownFileType = sourcecode.swift; path = Double.swift; sourceTree = "<group>"; };
		FA22648A28D9229F000C9C38 /* UIApplication.swift */ = {isa = PBXFileReference; lastKnownFileType = sourcecode.swift; path = UIApplication.swift; sourceTree = "<group>"; };
		FA22648C28D922CB000C9C38 /* Date.swift */ = {isa = PBXFileReference; lastKnownFileType = sourcecode.swift; path = Date.swift; sourceTree = "<group>"; };
		FA22648E28D922E7000C9C38 /* String.swift */ = {isa = PBXFileReference; lastKnownFileType = sourcecode.swift; path = String.swift; sourceTree = "<group>"; };
		FA22649028D9230F000C9C38 /* CoinDataService.swift */ = {isa = PBXFileReference; lastKnownFileType = sourcecode.swift; path = CoinDataService.swift; sourceTree = "<group>"; };
		FA22649228D9233F000C9C38 /* CoinDetailDataService.swift */ = {isa = PBXFileReference; lastKnownFileType = sourcecode.swift; path = CoinDetailDataService.swift; sourceTree = "<group>"; };
		FA22649628D92399000C9C38 /* MarketDataService.swift */ = {isa = PBXFileReference; lastKnownFileType = sourcecode.swift; path = MarketDataService.swift; sourceTree = "<group>"; };
		FA22649828D923C6000C9C38 /* PortfolioDataService.swift */ = {isa = PBXFileReference; lastKnownFileType = sourcecode.swift; path = PortfolioDataService.swift; sourceTree = "<group>"; };
		FA22649A28D923FA000C9C38 /* Coin.swift */ = {isa = PBXFileReference; lastKnownFileType = sourcecode.swift; path = Coin.swift; sourceTree = "<group>"; };
		FA22649C28D9241F000C9C38 /* CoinDetail.swift */ = {isa = PBXFileReference; lastKnownFileType = sourcecode.swift; path = CoinDetail.swift; sourceTree = "<group>"; };
		FA22649E28D92445000C9C38 /* Statistic.swift */ = {isa = PBXFileReference; lastKnownFileType = sourcecode.swift; path = Statistic.swift; sourceTree = "<group>"; };
		FA2264A028D9246F000C9C38 /* MarketData.swift */ = {isa = PBXFileReference; lastKnownFileType = sourcecode.swift; path = MarketData.swift; sourceTree = "<group>"; };
		FA2264A328D92498000C9C38 /* PortfolioContainer.xcdatamodel */ = {isa = PBXFileReference; lastKnownFileType = wrapper.xcdatamodel; path = PortfolioContainer.xcdatamodel; sourceTree = "<group>"; };
		FA2264A528D924FD000C9C38 /* CoinImageView.swift */ = {isa = PBXFileReference; lastKnownFileType = sourcecode.swift; path = CoinImageView.swift; sourceTree = "<group>"; };
		FA2264A928D92561000C9C38 /* CoinLogoView.swift */ = {isa = PBXFileReference; lastKnownFileType = sourcecode.swift; path = CoinLogoView.swift; sourceTree = "<group>"; };
		FA2264AB28D92598000C9C38 /* CircleButtonView.swift */ = {isa = PBXFileReference; lastKnownFileType = sourcecode.swift; path = CircleButtonView.swift; sourceTree = "<group>"; };
		FA2264AD28D925CE000C9C38 /* CircleButtonAnimationView.swift */ = {isa = PBXFileReference; lastKnownFileType = sourcecode.swift; path = CircleButtonAnimationView.swift; sourceTree = "<group>"; };
		FA2264AF28D925FD000C9C38 /* SearchBarView.swift */ = {isa = PBXFileReference; lastKnownFileType = sourcecode.swift; path = SearchBarView.swift; sourceTree = "<group>"; };
		FA2264B128D9262E000C9C38 /* StatisticView.swift */ = {isa = PBXFileReference; lastKnownFileType = sourcecode.swift; path = StatisticView.swift; sourceTree = "<group>"; };
		FA2264B328D9265B000C9C38 /* XMarkButtonView.swift */ = {isa = PBXFileReference; lastKnownFileType = sourcecode.swift; path = XMarkButtonView.swift; sourceTree = "<group>"; };
		FA2264B528D92698000C9C38 /* HomeViewModel.swift */ = {isa = PBXFileReference; lastKnownFileType = sourcecode.swift; path = HomeViewModel.swift; sourceTree = "<group>"; };
		FA2264B728D926D1000C9C38 /* HomeView.swift */ = {isa = PBXFileReference; lastKnownFileType = sourcecode.swift; path = HomeView.swift; sourceTree = "<group>"; };
		FA2264B928D926F8000C9C38 /* HomeStatsView.swift */ = {isa = PBXFileReference; lastKnownFileType = sourcecode.swift; path = HomeStatsView.swift; sourceTree = "<group>"; };
		FA2264BB28D92724000C9C38 /* CoinRowView.swift */ = {isa = PBXFileReference; lastKnownFileType = sourcecode.swift; path = CoinRowView.swift; sourceTree = "<group>"; };
		FA2264BD28D9274C000C9C38 /* PortfolioView.swift */ = {isa = PBXFileReference; lastKnownFileType = sourcecode.swift; path = PortfolioView.swift; sourceTree = "<group>"; };
		FA2264BF28D92785000C9C38 /* SettingsView.swift */ = {isa = PBXFileReference; lastKnownFileType = sourcecode.swift; path = SettingsView.swift; sourceTree = "<group>"; };
		FA2264C128D927B8000C9C38 /* DetailViewModel.swift */ = {isa = PBXFileReference; lastKnownFileType = sourcecode.swift; path = DetailViewModel.swift; sourceTree = "<group>"; };
		FA2264C328D927F3000C9C38 /* DetailView.swift */ = {isa = PBXFileReference; lastKnownFileType = sourcecode.swift; path = DetailView.swift; sourceTree = "<group>"; };
		FA2264C528D92828000C9C38 /* ChartView.swift */ = {isa = PBXFileReference; lastKnownFileType = sourcecode.swift; path = ChartView.swift; sourceTree = "<group>"; };
		FA2E9BA528DC4D0C002606EC /* MockCoinDataService.swift */ = {isa = PBXFileReference; lastKnownFileType = sourcecode.swift; path = MockCoinDataService.swift; sourceTree = "<group>"; };
		FA8CBFD128DE6B5200CB3E5A /* MockMarketDataService.swift */ = {isa = PBXFileReference; lastKnownFileType = sourcecode.swift; path = MockMarketDataService.swift; sourceTree = "<group>"; };
		FA8CBFD328DE6BBB00CB3E5A /* HomeViewModelTests.swift */ = {isa = PBXFileReference; lastKnownFileType = sourcecode.swift; path = HomeViewModelTests.swift; sourceTree = "<group>"; };
		FA8CBFD728DE704000CB3E5A /* DetailViewModelTests.swift */ = {isa = PBXFileReference; lastKnownFileType = sourcecode.swift; path = DetailViewModelTests.swift; sourceTree = "<group>"; };
		FA8CBFD928DE70B000CB3E5A /* MockCoinDetailDataService.swift */ = {isa = PBXFileReference; lastKnownFileType = sourcecode.swift; path = MockCoinDetailDataService.swift; sourceTree = "<group>"; };
		FAAA7F1928E895380015B007 /* PortfolioDataServiceTests.swift */ = {isa = PBXFileReference; lastKnownFileType = sourcecode.swift; path = PortfolioDataServiceTests.swift; sourceTree = "<group>"; };
		FAAED15028EB80DB00585BE1 /* MockCoin.swift */ = {isa = PBXFileReference; lastKnownFileType = sourcecode.swift; path = MockCoin.swift; sourceTree = "<group>"; };
/* End PBXFileReference section */

/* Begin PBXFrameworksBuildPhase section */
		FA22643828D91BE0000C9C38 /* Frameworks */ = {
			isa = PBXFrameworksBuildPhase;
			buildActionMask = 2147483647;
			files = (
				FA03934C28EF7A3E00726AA2 /* FirebaseAnalyticsWithoutAdIdSupport in Frameworks */,
			);
			runOnlyForDeploymentPostprocessing = 0;
		};
		FA22644828D91BE2000C9C38 /* Frameworks */ = {
			isa = PBXFrameworksBuildPhase;
			buildActionMask = 2147483647;
			files = (
			);
			runOnlyForDeploymentPostprocessing = 0;
		};
		FA22645228D91BE2000C9C38 /* Frameworks */ = {
			isa = PBXFrameworksBuildPhase;
			buildActionMask = 2147483647;
			files = (
			);
			runOnlyForDeploymentPostprocessing = 0;
		};
/* End PBXFrameworksBuildPhase section */

/* Begin PBXGroup section */
		FA06028228E5C4C3008467C3 /* ViewModelTests */ = {
			isa = PBXGroup;
			children = (
				FA2E9BA328DC4BF1002606EC /* HomeViewModelTests */,
				FA8CBFD028DE6AD400CB3E5A /* DetailViewModelTests */,
			);
			path = ViewModelTests;
			sourceTree = "<group>";
		};
		FA06028328E5C4DE008467C3 /* ServiceTests */ = {
			isa = PBXGroup;
			children = (
				FA06028528E5C540008467C3 /* MockURLProtocol.swift */,
				FA06028728E5C5B4008467C3 /* CoinDataServiceTests.swift */,
				FA06028928E5C6B5008467C3 /* CoinDetailDataService.swift */,
				FA06028B28E5E257008467C3 /* MarketDataServiceTests.swift */,
			);
			path = ServiceTests;
			sourceTree = "<group>";
		};
		FA06028428E5C4F2008467C3 /* CoreDataTests */ = {
			isa = PBXGroup;
			children = (
				FAAA7F1928E895380015B007 /* PortfolioDataServiceTests.swift */,
			);
			path = CoreDataTests;
			sourceTree = "<group>";
		};
		FA22643228D91BE0000C9C38 = {
			isa = PBXGroup;
			children = (
				FA22643D28D91BE0000C9C38 /* Crypto2 */,
				FA22644E28D91BE2000C9C38 /* Crypto2Tests */,
				FA22645828D91BE2000C9C38 /* Crypto2UITests */,
				FA22643C28D91BE0000C9C38 /* Products */,
			);
			sourceTree = "<group>";
		};
		FA22643C28D91BE0000C9C38 /* Products */ = {
			isa = PBXGroup;
			children = (
				FA22643B28D91BE0000C9C38 /* Crypto2.app */,
				FA22644B28D91BE2000C9C38 /* Crypto2Tests.xctest */,
				FA22645528D91BE2000C9C38 /* Crypto2UITests.xctest */,
			);
			name = Products;
			sourceTree = "<group>";
		};
		FA22643D28D91BE0000C9C38 /* Crypto2 */ = {
			isa = PBXGroup;
			children = (
				FA22643E28D91BE0000C9C38 /* Crypto2App.swift */,
				FA22646A28D91CFE000C9C38 /* Utilities */,
				FA22646B28D91D19000C9C38 /* Extensions */,
				FA22646C28D91D22000C9C38 /* Services */,
				FA22646D28D91D29000C9C38 /* Models */,
				FA22646E28D91D5F000C9C38 /* Core */,
				FA22644228D91BE2000C9C38 /* Assets.xcassets */,
				FA03934828EF788700726AA2 /* GoogleService-Info.plist */,
				FA22644428D91BE2000C9C38 /* Preview Content */,
			);
			path = Crypto2;
			sourceTree = "<group>";
		};
		FA22644428D91BE2000C9C38 /* Preview Content */ = {
			isa = PBXGroup;
			children = (
				FA22644528D91BE2000C9C38 /* Preview Assets.xcassets */,
			);
			path = "Preview Content";
			sourceTree = "<group>";
		};
		FA22644E28D91BE2000C9C38 /* Crypto2Tests */ = {
			isa = PBXGroup;
			children = (
				FA06028328E5C4DE008467C3 /* ServiceTests */,
				FA06028228E5C4C3008467C3 /* ViewModelTests */,
				FA06028428E5C4F2008467C3 /* CoreDataTests */,
			);
			path = Crypto2Tests;
			sourceTree = "<group>";
		};
		FA22645828D91BE2000C9C38 /* Crypto2UITests */ = {
			isa = PBXGroup;
			children = (
				FA22645928D91BE2000C9C38 /* Crypto2UITests.swift */,
				FA22645B28D91BE2000C9C38 /* Crypto2UITestsLaunchTests.swift */,
			);
			path = Crypto2UITests;
			sourceTree = "<group>";
		};
		FA22646A28D91CFE000C9C38 /* Utilities */ = {
			isa = PBXGroup;
			children = (
				FA22647E28D9219F000C9C38 /* NetworkingManager.swift */,
				FA22648228D921F3000C9C38 /* HapticManager.swift */,
			);
			path = Utilities;
			sourceTree = "<group>";
		};
		FA22646B28D91D19000C9C38 /* Extensions */ = {
			isa = PBXGroup;
			children = (
				FA22648428D92221000C9C38 /* Color.swift */,
				FA22648628D92250000C9C38 /* PreviewProvider.swift */,
				FA22648828D92279000C9C38 /* Double.swift */,
				FA22648A28D9229F000C9C38 /* UIApplication.swift */,
				FA22648C28D922CB000C9C38 /* Date.swift */,
				FA22648E28D922E7000C9C38 /* String.swift */,
			);
			path = Extensions;
			sourceTree = "<group>";
		};
		FA22646C28D91D22000C9C38 /* Services */ = {
			isa = PBXGroup;
			children = (
				FAAA7F1828E88B6F0015B007 /* Mock */,
				FA22649028D9230F000C9C38 /* CoinDataService.swift */,
				FA22649228D9233F000C9C38 /* CoinDetailDataService.swift */,
				FA22649628D92399000C9C38 /* MarketDataService.swift */,
				FA22649828D923C6000C9C38 /* PortfolioDataService.swift */,
			);
			path = Services;
			sourceTree = "<group>";
		};
		FA22646D28D91D29000C9C38 /* Models */ = {
			isa = PBXGroup;
			children = (
				FA22649A28D923FA000C9C38 /* Coin.swift */,
				FA22649C28D9241F000C9C38 /* CoinDetail.swift */,
				FA22649E28D92445000C9C38 /* Statistic.swift */,
				FA2264A028D9246F000C9C38 /* MarketData.swift */,
				FA2264A228D92498000C9C38 /* PortfolioContainer.xcdatamodeld */,
			);
			path = Models;
			sourceTree = "<group>";
		};
		FA22646E28D91D5F000C9C38 /* Core */ = {
			isa = PBXGroup;
			children = (
				FA22646F28D91D83000C9C38 /* Launch */,
				FA22647028D91D8B000C9C38 /* Components */,
				FA22647128D91D95000C9C38 /* Home */,
				FA22647228D91DA4000C9C38 /* Settings */,
				FA22647328D91DB2000C9C38 /* Detail */,
			);
			path = Core;
			sourceTree = "<group>";
		};
		FA22646F28D91D83000C9C38 /* Launch */ = {
			isa = PBXGroup;
			children = (
				FA22647428D91E06000C9C38 /* Views */,
			);
			path = Launch;
			sourceTree = "<group>";
		};
		FA22647028D91D8B000C9C38 /* Components */ = {
			isa = PBXGroup;
			children = (
				FA22647528D91E20000C9C38 /* CoinImage */,
				FA22647628D91E2B000C9C38 /* CircleButton */,
				FA2264AF28D925FD000C9C38 /* SearchBarView.swift */,
				FA2264B128D9262E000C9C38 /* StatisticView.swift */,
				FA2264B328D9265B000C9C38 /* XMarkButtonView.swift */,
			);
			path = Components;
			sourceTree = "<group>";
		};
		FA22647128D91D95000C9C38 /* Home */ = {
			isa = PBXGroup;
			children = (
				FA22647728D91E48000C9C38 /* ViewModels */,
				FA22647828D91E52000C9C38 /* Views */,
			);
			path = Home;
			sourceTree = "<group>";
		};
		FA22647228D91DA4000C9C38 /* Settings */ = {
			isa = PBXGroup;
			children = (
				FA22647928D91E6D000C9C38 /* Views */,
			);
			path = Settings;
			sourceTree = "<group>";
		};
		FA22647328D91DB2000C9C38 /* Detail */ = {
			isa = PBXGroup;
			children = (
				FA22647B28D91E88000C9C38 /* ViewModels */,
				FA22647A28D91E82000C9C38 /* Views */,
			);
			path = Detail;
			sourceTree = "<group>";
		};
		FA22647428D91E06000C9C38 /* Views */ = {
			isa = PBXGroup;
			children = (
				FA22647C28D9214A000C9C38 /* LaunchScreen.storyboard */,
			);
			path = Views;
			sourceTree = "<group>";
		};
		FA22647528D91E20000C9C38 /* CoinImage */ = {
			isa = PBXGroup;
			children = (
				FA2264A528D924FD000C9C38 /* CoinImageView.swift */,
				FA2264A928D92561000C9C38 /* CoinLogoView.swift */,
			);
			path = CoinImage;
			sourceTree = "<group>";
		};
		FA22647628D91E2B000C9C38 /* CircleButton */ = {
			isa = PBXGroup;
			children = (
				FA2264AB28D92598000C9C38 /* CircleButtonView.swift */,
				FA2264AD28D925CE000C9C38 /* CircleButtonAnimationView.swift */,
			);
			path = CircleButton;
			sourceTree = "<group>";
		};
		FA22647728D91E48000C9C38 /* ViewModels */ = {
			isa = PBXGroup;
			children = (
				FA2264B528D92698000C9C38 /* HomeViewModel.swift */,
			);
			path = ViewModels;
			sourceTree = "<group>";
		};
		FA22647828D91E52000C9C38 /* Views */ = {
			isa = PBXGroup;
			children = (
				FA2264B728D926D1000C9C38 /* HomeView.swift */,
				FA2264B928D926F8000C9C38 /* HomeStatsView.swift */,
				FA2264BB28D92724000C9C38 /* CoinRowView.swift */,
				FA2264BD28D9274C000C9C38 /* PortfolioView.swift */,
			);
			path = Views;
			sourceTree = "<group>";
		};
		FA22647928D91E6D000C9C38 /* Views */ = {
			isa = PBXGroup;
			children = (
				FA2264BF28D92785000C9C38 /* SettingsView.swift */,
			);
			path = Views;
			sourceTree = "<group>";
		};
		FA22647A28D91E82000C9C38 /* Views */ = {
			isa = PBXGroup;
			children = (
				FA2264C328D927F3000C9C38 /* DetailView.swift */,
				FA2264C528D92828000C9C38 /* ChartView.swift */,
			);
			path = Views;
			sourceTree = "<group>";
		};
		FA22647B28D91E88000C9C38 /* ViewModels */ = {
			isa = PBXGroup;
			children = (
				FA2264C128D927B8000C9C38 /* DetailViewModel.swift */,
			);
			path = ViewModels;
			sourceTree = "<group>";
		};
		FA2E9BA328DC4BF1002606EC /* HomeViewModelTests */ = {
			isa = PBXGroup;
			children = (
				FA8CBFD328DE6BBB00CB3E5A /* HomeViewModelTests.swift */,
				FA2E9BA528DC4D0C002606EC /* MockCoinDataService.swift */,
				FA8CBFD128DE6B5200CB3E5A /* MockMarketDataService.swift */,
				FAAED15028EB80DB00585BE1 /* MockCoin.swift */,
			);
			path = HomeViewModelTests;
			sourceTree = "<group>";
		};
		FA8CBFD028DE6AD400CB3E5A /* DetailViewModelTests */ = {
			isa = PBXGroup;
			children = (
				FA8CBFD728DE704000CB3E5A /* DetailViewModelTests.swift */,
			);
			path = DetailViewModelTests;
			sourceTree = "<group>";
		};
		FAAA7F1828E88B6F0015B007 /* Mock */ = {
			isa = PBXGroup;
			children = (
				FA8CBFD928DE70B000CB3E5A /* MockCoinDetailDataService.swift */,
			);
			path = Mock;
			sourceTree = "<group>";
		};
/* End PBXGroup section */

/* Begin PBXNativeTarget section */
		FA22643A28D91BE0000C9C38 /* Crypto2 */ = {
			isa = PBXNativeTarget;
			buildConfigurationList = FA22645F28D91BE2000C9C38 /* Build configuration list for PBXNativeTarget "Crypto2" */;
			buildPhases = (
				FA22643728D91BE0000C9C38 /* Sources */,
				FA22643828D91BE0000C9C38 /* Frameworks */,
				FA22643928D91BE0000C9C38 /* Resources */,
			);
			buildRules = (
			);
			dependencies = (
			);
			name = Crypto2;
			packageProductDependencies = (
				FA03934B28EF7A3E00726AA2 /* FirebaseAnalyticsWithoutAdIdSupport */,
			);
			productName = Crypto2;
			productReference = FA22643B28D91BE0000C9C38 /* Crypto2.app */;
			productType = "com.apple.product-type.application";
		};
		FA22644A28D91BE2000C9C38 /* Crypto2Tests */ = {
			isa = PBXNativeTarget;
			buildConfigurationList = FA22646228D91BE2000C9C38 /* Build configuration list for PBXNativeTarget "Crypto2Tests" */;
			buildPhases = (
				FA22644728D91BE2000C9C38 /* Sources */,
				FA22644828D91BE2000C9C38 /* Frameworks */,
				FA22644928D91BE2000C9C38 /* Resources */,
			);
			buildRules = (
			);
			dependencies = (
				FA22644D28D91BE2000C9C38 /* PBXTargetDependency */,
			);
			name = Crypto2Tests;
			productName = Crypto2Tests;
			productReference = FA22644B28D91BE2000C9C38 /* Crypto2Tests.xctest */;
			productType = "com.apple.product-type.bundle.unit-test";
		};
		FA22645428D91BE2000C9C38 /* Crypto2UITests */ = {
			isa = PBXNativeTarget;
			buildConfigurationList = FA22646528D91BE2000C9C38 /* Build configuration list for PBXNativeTarget "Crypto2UITests" */;
			buildPhases = (
				FA22645128D91BE2000C9C38 /* Sources */,
				FA22645228D91BE2000C9C38 /* Frameworks */,
				FA22645328D91BE2000C9C38 /* Resources */,
			);
			buildRules = (
			);
			dependencies = (
				FA22645728D91BE2000C9C38 /* PBXTargetDependency */,
			);
			name = Crypto2UITests;
			productName = Crypto2UITests;
			productReference = FA22645528D91BE2000C9C38 /* Crypto2UITests.xctest */;
			productType = "com.apple.product-type.bundle.ui-testing";
		};
/* End PBXNativeTarget section */

/* Begin PBXProject section */
		FA22643328D91BE0000C9C38 /* Project object */ = {
			isa = PBXProject;
			attributes = {
				BuildIndependentTargetsInParallel = 1;
				LastSwiftUpdateCheck = 1400;
				LastUpgradeCheck = 1400;
				TargetAttributes = {
					FA22643A28D91BE0000C9C38 = {
						CreatedOnToolsVersion = 14.0;
					};
					FA22644A28D91BE2000C9C38 = {
						CreatedOnToolsVersion = 14.0;
						TestTargetID = FA22643A28D91BE0000C9C38;
					};
					FA22645428D91BE2000C9C38 = {
						CreatedOnToolsVersion = 14.0;
						TestTargetID = FA22643A28D91BE0000C9C38;
					};
				};
			};
			buildConfigurationList = FA22643628D91BE0000C9C38 /* Build configuration list for PBXProject "Crypto2" */;
			compatibilityVersion = "Xcode 14.0";
			developmentRegion = en;
			hasScannedForEncodings = 0;
			knownRegions = (
				en,
				Base,
			);
			mainGroup = FA22643228D91BE0000C9C38;
			packageReferences = (
				FA03934A28EF7A3E00726AA2 /* XCRemoteSwiftPackageReference "firebase-ios-sdk" */,
			);
			productRefGroup = FA22643C28D91BE0000C9C38 /* Products */;
			projectDirPath = "";
			projectRoot = "";
			targets = (
				FA22643A28D91BE0000C9C38 /* Crypto2 */,
				FA22644A28D91BE2000C9C38 /* Crypto2Tests */,
				FA22645428D91BE2000C9C38 /* Crypto2UITests */,
			);
		};
/* End PBXProject section */

/* Begin PBXResourcesBuildPhase section */
		FA22643928D91BE0000C9C38 /* Resources */ = {
			isa = PBXResourcesBuildPhase;
			buildActionMask = 2147483647;
			files = (
				FA22647D28D9214A000C9C38 /* LaunchScreen.storyboard in Resources */,
				FA03934928EF788700726AA2 /* GoogleService-Info.plist in Resources */,
				FA22644628D91BE2000C9C38 /* Preview Assets.xcassets in Resources */,
				FA22644328D91BE2000C9C38 /* Assets.xcassets in Resources */,
			);
			runOnlyForDeploymentPostprocessing = 0;
		};
		FA22644928D91BE2000C9C38 /* Resources */ = {
			isa = PBXResourcesBuildPhase;
			buildActionMask = 2147483647;
			files = (
			);
			runOnlyForDeploymentPostprocessing = 0;
		};
		FA22645328D91BE2000C9C38 /* Resources */ = {
			isa = PBXResourcesBuildPhase;
			buildActionMask = 2147483647;
			files = (
			);
			runOnlyForDeploymentPostprocessing = 0;
		};
/* End PBXResourcesBuildPhase section */

/* Begin PBXSourcesBuildPhase section */
		FA22643728D91BE0000C9C38 /* Sources */ = {
			isa = PBXSourcesBuildPhase;
			buildActionMask = 2147483647;
			files = (
				FA2264C028D92785000C9C38 /* SettingsView.swift in Sources */,
				FA22649128D9230F000C9C38 /* CoinDataService.swift in Sources */,
				FA2264BA28D926F8000C9C38 /* HomeStatsView.swift in Sources */,
				FA22649D28D9241F000C9C38 /* CoinDetail.swift in Sources */,
				FA2264AA28D92561000C9C38 /* CoinLogoView.swift in Sources */,
				FA22648B28D9229F000C9C38 /* UIApplication.swift in Sources */,
				FA22648F28D922E7000C9C38 /* String.swift in Sources */,
				FA2264AE28D925CE000C9C38 /* CircleButtonAnimationView.swift in Sources */,
				FA22648D28D922CB000C9C38 /* Date.swift in Sources */,
				FA22649F28D92445000C9C38 /* Statistic.swift in Sources */,
				FA2264B428D9265B000C9C38 /* XMarkButtonView.swift in Sources */,
				FA22649728D92399000C9C38 /* MarketDataService.swift in Sources */,
				FA2264BC28D92724000C9C38 /* CoinRowView.swift in Sources */,
				FA22647F28D9219F000C9C38 /* NetworkingManager.swift in Sources */,
				FA2264A128D9246F000C9C38 /* MarketData.swift in Sources */,
				FA2264B628D92698000C9C38 /* HomeViewModel.swift in Sources */,
				FA22648328D921F3000C9C38 /* HapticManager.swift in Sources */,
				FA2264BE28D9274C000C9C38 /* PortfolioView.swift in Sources */,
				FA22648928D92279000C9C38 /* Double.swift in Sources */,
				FA2264B828D926D1000C9C38 /* HomeView.swift in Sources */,
				FA22643F28D91BE0000C9C38 /* Crypto2App.swift in Sources */,
				FA2264A428D92498000C9C38 /* PortfolioContainer.xcdatamodeld in Sources */,
				FA2264C428D927F3000C9C38 /* DetailView.swift in Sources */,
				FA2264A628D924FD000C9C38 /* CoinImageView.swift in Sources */,
				FA2264B028D925FE000C9C38 /* SearchBarView.swift in Sources */,
				FA2264AC28D92598000C9C38 /* CircleButtonView.swift in Sources */,
				FA2264C628D92828000C9C38 /* ChartView.swift in Sources */,
				FA2264B228D9262E000C9C38 /* StatisticView.swift in Sources */,
				FA22648728D92250000C9C38 /* PreviewProvider.swift in Sources */,
				FA2264C228D927B8000C9C38 /* DetailViewModel.swift in Sources */,
				FA22648528D92221000C9C38 /* Color.swift in Sources */,
				FAAA7F1728E88B690015B007 /* MockCoinDetailDataService.swift in Sources */,
				FA22649928D923C6000C9C38 /* PortfolioDataService.swift in Sources */,
				FA22649328D9233F000C9C38 /* CoinDetailDataService.swift in Sources */,
				FA22649B28D923FA000C9C38 /* Coin.swift in Sources */,
			);
			runOnlyForDeploymentPostprocessing = 0;
		};
		FA22644728D91BE2000C9C38 /* Sources */ = {
			isa = PBXSourcesBuildPhase;
			buildActionMask = 2147483647;
			files = (
				FA06028628E5C540008467C3 /* MockURLProtocol.swift in Sources */,
				FA2E9BA628DC4D0C002606EC /* MockCoinDataService.swift in Sources */,
				FA06028A28E5C6B5008467C3 /* CoinDetailDataService.swift in Sources */,
				FA06028C28E5E258008467C3 /* MarketDataServiceTests.swift in Sources */,
				FAAA7F1A28E895380015B007 /* PortfolioDataServiceTests.swift in Sources */,
				FA8CBFD828DE704000CB3E5A /* DetailViewModelTests.swift in Sources */,
				FAAED15128EB80DB00585BE1 /* MockCoin.swift in Sources */,
				FA8CBFD228DE6B5200CB3E5A /* MockMarketDataService.swift in Sources */,
				FA06028828E5C5B4008467C3 /* CoinDataServiceTests.swift in Sources */,
				FA8CBFD428DE6BBB00CB3E5A /* HomeViewModelTests.swift in Sources */,
			);
			runOnlyForDeploymentPostprocessing = 0;
		};
		FA22645128D91BE2000C9C38 /* Sources */ = {
			isa = PBXSourcesBuildPhase;
			buildActionMask = 2147483647;
			files = (
				FA22645C28D91BE2000C9C38 /* Crypto2UITestsLaunchTests.swift in Sources */,
				FA22645A28D91BE2000C9C38 /* Crypto2UITests.swift in Sources */,
			);
			runOnlyForDeploymentPostprocessing = 0;
		};
/* End PBXSourcesBuildPhase section */

/* Begin PBXTargetDependency section */
		FA22644D28D91BE2000C9C38 /* PBXTargetDependency */ = {
			isa = PBXTargetDependency;
			target = FA22643A28D91BE0000C9C38 /* Crypto2 */;
			targetProxy = FA22644C28D91BE2000C9C38 /* PBXContainerItemProxy */;
		};
		FA22645728D91BE2000C9C38 /* PBXTargetDependency */ = {
			isa = PBXTargetDependency;
			target = FA22643A28D91BE0000C9C38 /* Crypto2 */;
			targetProxy = FA22645628D91BE2000C9C38 /* PBXContainerItemProxy */;
		};
/* End PBXTargetDependency section */

/* Begin XCBuildConfiguration section */
		FA22645D28D91BE2000C9C38 /* Debug */ = {
			isa = XCBuildConfiguration;
			buildSettings = {
				ALWAYS_SEARCH_USER_PATHS = NO;
				CLANG_ANALYZER_NONNULL = YES;
				CLANG_ANALYZER_NUMBER_OBJECT_CONVERSION = YES_AGGRESSIVE;
				CLANG_CXX_LANGUAGE_STANDARD = "gnu++20";
				CLANG_ENABLE_MODULES = YES;
				CLANG_ENABLE_OBJC_ARC = YES;
				CLANG_ENABLE_OBJC_WEAK = YES;
				CLANG_WARN_BLOCK_CAPTURE_AUTORELEASING = YES;
				CLANG_WARN_BOOL_CONVERSION = YES;
				CLANG_WARN_COMMA = YES;
				CLANG_WARN_CONSTANT_CONVERSION = YES;
				CLANG_WARN_DEPRECATED_OBJC_IMPLEMENTATIONS = YES;
				CLANG_WARN_DIRECT_OBJC_ISA_USAGE = YES_ERROR;
				CLANG_WARN_DOCUMENTATION_COMMENTS = YES;
				CLANG_WARN_EMPTY_BODY = YES;
				CLANG_WARN_ENUM_CONVERSION = YES;
				CLANG_WARN_INFINITE_RECURSION = YES;
				CLANG_WARN_INT_CONVERSION = YES;
				CLANG_WARN_NON_LITERAL_NULL_CONVERSION = YES;
				CLANG_WARN_OBJC_IMPLICIT_RETAIN_SELF = YES;
				CLANG_WARN_OBJC_LITERAL_CONVERSION = YES;
				CLANG_WARN_OBJC_ROOT_CLASS = YES_ERROR;
				CLANG_WARN_QUOTED_INCLUDE_IN_FRAMEWORK_HEADER = YES;
				CLANG_WARN_RANGE_LOOP_ANALYSIS = YES;
				CLANG_WARN_STRICT_PROTOTYPES = YES;
				CLANG_WARN_SUSPICIOUS_MOVE = YES;
				CLANG_WARN_UNGUARDED_AVAILABILITY = YES_AGGRESSIVE;
				CLANG_WARN_UNREACHABLE_CODE = YES;
				CLANG_WARN__DUPLICATE_METHOD_MATCH = YES;
				COPY_PHASE_STRIP = NO;
				DEBUG_INFORMATION_FORMAT = dwarf;
				ENABLE_STRICT_OBJC_MSGSEND = YES;
				ENABLE_TESTABILITY = YES;
				GCC_C_LANGUAGE_STANDARD = gnu11;
				GCC_DYNAMIC_NO_PIC = NO;
				GCC_NO_COMMON_BLOCKS = YES;
				GCC_OPTIMIZATION_LEVEL = 0;
				GCC_PREPROCESSOR_DEFINITIONS = (
					"DEBUG=1",
					"$(inherited)",
				);
				GCC_WARN_64_TO_32_BIT_CONVERSION = YES;
				GCC_WARN_ABOUT_RETURN_TYPE = YES_ERROR;
				GCC_WARN_UNDECLARED_SELECTOR = YES;
				GCC_WARN_UNINITIALIZED_AUTOS = YES_AGGRESSIVE;
				GCC_WARN_UNUSED_FUNCTION = YES;
				GCC_WARN_UNUSED_VARIABLE = YES;
				IPHONEOS_DEPLOYMENT_TARGET = 15.5;
				MTL_ENABLE_DEBUG_INFO = INCLUDE_SOURCE;
				MTL_FAST_MATH = YES;
				ONLY_ACTIVE_ARCH = YES;
				SDKROOT = iphoneos;
				SWIFT_ACTIVE_COMPILATION_CONDITIONS = DEBUG;
				SWIFT_OPTIMIZATION_LEVEL = "-Onone";
			};
			name = Debug;
		};
		FA22645E28D91BE2000C9C38 /* Release */ = {
			isa = XCBuildConfiguration;
			buildSettings = {
				ALWAYS_SEARCH_USER_PATHS = NO;
				CLANG_ANALYZER_NONNULL = YES;
				CLANG_ANALYZER_NUMBER_OBJECT_CONVERSION = YES_AGGRESSIVE;
				CLANG_CXX_LANGUAGE_STANDARD = "gnu++20";
				CLANG_ENABLE_MODULES = YES;
				CLANG_ENABLE_OBJC_ARC = YES;
				CLANG_ENABLE_OBJC_WEAK = YES;
				CLANG_WARN_BLOCK_CAPTURE_AUTORELEASING = YES;
				CLANG_WARN_BOOL_CONVERSION = YES;
				CLANG_WARN_COMMA = YES;
				CLANG_WARN_CONSTANT_CONVERSION = YES;
				CLANG_WARN_DEPRECATED_OBJC_IMPLEMENTATIONS = YES;
				CLANG_WARN_DIRECT_OBJC_ISA_USAGE = YES_ERROR;
				CLANG_WARN_DOCUMENTATION_COMMENTS = YES;
				CLANG_WARN_EMPTY_BODY = YES;
				CLANG_WARN_ENUM_CONVERSION = YES;
				CLANG_WARN_INFINITE_RECURSION = YES;
				CLANG_WARN_INT_CONVERSION = YES;
				CLANG_WARN_NON_LITERAL_NULL_CONVERSION = YES;
				CLANG_WARN_OBJC_IMPLICIT_RETAIN_SELF = YES;
				CLANG_WARN_OBJC_LITERAL_CONVERSION = YES;
				CLANG_WARN_OBJC_ROOT_CLASS = YES_ERROR;
				CLANG_WARN_QUOTED_INCLUDE_IN_FRAMEWORK_HEADER = YES;
				CLANG_WARN_RANGE_LOOP_ANALYSIS = YES;
				CLANG_WARN_STRICT_PROTOTYPES = YES;
				CLANG_WARN_SUSPICIOUS_MOVE = YES;
				CLANG_WARN_UNGUARDED_AVAILABILITY = YES_AGGRESSIVE;
				CLANG_WARN_UNREACHABLE_CODE = YES;
				CLANG_WARN__DUPLICATE_METHOD_MATCH = YES;
				COPY_PHASE_STRIP = NO;
				DEBUG_INFORMATION_FORMAT = "dwarf-with-dsym";
				ENABLE_NS_ASSERTIONS = NO;
				ENABLE_STRICT_OBJC_MSGSEND = YES;
				GCC_C_LANGUAGE_STANDARD = gnu11;
				GCC_NO_COMMON_BLOCKS = YES;
				GCC_WARN_64_TO_32_BIT_CONVERSION = YES;
				GCC_WARN_ABOUT_RETURN_TYPE = YES_ERROR;
				GCC_WARN_UNDECLARED_SELECTOR = YES;
				GCC_WARN_UNINITIALIZED_AUTOS = YES_AGGRESSIVE;
				GCC_WARN_UNUSED_FUNCTION = YES;
				GCC_WARN_UNUSED_VARIABLE = YES;
				IPHONEOS_DEPLOYMENT_TARGET = 15.5;
				MTL_ENABLE_DEBUG_INFO = NO;
				MTL_FAST_MATH = YES;
				SDKROOT = iphoneos;
				SWIFT_COMPILATION_MODE = wholemodule;
				SWIFT_OPTIMIZATION_LEVEL = "-O";
				VALIDATE_PRODUCT = YES;
			};
			name = Release;
		};
		FA22646028D91BE2000C9C38 /* Debug */ = {
			isa = XCBuildConfiguration;
			buildSettings = {
				ASSETCATALOG_COMPILER_APPICON_NAME = AppIcon;
				ASSETCATALOG_COMPILER_GLOBAL_ACCENT_COLOR_NAME = AccentColor;
				CODE_SIGN_IDENTITY = "Apple Development";
				CODE_SIGN_STYLE = Automatic;
				CURRENT_PROJECT_VERSION = 1;
				DEVELOPMENT_ASSET_PATHS = "\"Crypto2/Preview Content\"";
				DEVELOPMENT_TEAM = YV7MJBA2GX;
				ENABLE_PREVIEWS = YES;
				GENERATE_INFOPLIST_FILE = YES;
				INFOPLIST_KEY_UIApplicationSceneManifest_Generation = YES;
				INFOPLIST_KEY_UIApplicationSupportsIndirectInputEvents = YES;
				INFOPLIST_KEY_UILaunchScreen_Generation = YES;
				INFOPLIST_KEY_UILaunchStoryboardName = LaunchScreen.storyboard;
				INFOPLIST_KEY_UISupportedInterfaceOrientations = UIInterfaceOrientationPortrait;
				IPHONEOS_DEPLOYMENT_TARGET = 15.5;
				LD_RUNPATH_SEARCH_PATHS = (
					"$(inherited)",
					"@executable_path/Frameworks",
				);
				MARKETING_VERSION = 1.0;
				PRODUCT_BUNDLE_IDENTIFIER = com.pierre.Crypto2;
				PRODUCT_NAME = "$(TARGET_NAME)";
				PROVISIONING_PROFILE_SPECIFIER = "";
				SWIFT_EMIT_LOC_STRINGS = YES;
				SWIFT_VERSION = 5.0;
				TARGETED_DEVICE_FAMILY = "1,2";
			};
			name = Debug;
		};
		FA22646128D91BE2000C9C38 /* Release */ = {
			isa = XCBuildConfiguration;
			buildSettings = {
				ASSETCATALOG_COMPILER_APPICON_NAME = AppIcon;
				ASSETCATALOG_COMPILER_GLOBAL_ACCENT_COLOR_NAME = AccentColor;
				CODE_SIGN_IDENTITY = "Apple Development";
				CODE_SIGN_STYLE = Automatic;
				CURRENT_PROJECT_VERSION = 1;
				DEVELOPMENT_ASSET_PATHS = "\"Crypto2/Preview Content\"";
				DEVELOPMENT_TEAM = YV7MJBA2GX;
				ENABLE_PREVIEWS = YES;
				GENERATE_INFOPLIST_FILE = YES;
				INFOPLIST_KEY_UIApplicationSceneManifest_Generation = YES;
				INFOPLIST_KEY_UIApplicationSupportsIndirectInputEvents = YES;
				INFOPLIST_KEY_UILaunchScreen_Generation = YES;
				INFOPLIST_KEY_UILaunchStoryboardName = LaunchScreen.storyboard;
				INFOPLIST_KEY_UISupportedInterfaceOrientations = UIInterfaceOrientationPortrait;
				IPHONEOS_DEPLOYMENT_TARGET = 15.5;
				LD_RUNPATH_SEARCH_PATHS = (
					"$(inherited)",
					"@executable_path/Frameworks",
				);
				MARKETING_VERSION = 1.0;
				PRODUCT_BUNDLE_IDENTIFIER = com.pierre.Crypto2;
				PRODUCT_NAME = "$(TARGET_NAME)";
				PROVISIONING_PROFILE_SPECIFIER = "";
				SWIFT_EMIT_LOC_STRINGS = YES;
				SWIFT_VERSION = 5.0;
				TARGETED_DEVICE_FAMILY = "1,2";
			};
			name = Release;
		};
		FA22646328D91BE2000C9C38 /* Debug */ = {
			isa = XCBuildConfiguration;
			buildSettings = {
				ALWAYS_EMBED_SWIFT_STANDARD_LIBRARIES = YES;
				BUNDLE_LOADER = "$(TEST_HOST)";
				CODE_SIGN_STYLE = Automatic;
				CURRENT_PROJECT_VERSION = 1;
				DEVELOPMENT_TEAM = YV7MJBA2GX;
				GENERATE_INFOPLIST_FILE = YES;
				IPHONEOS_DEPLOYMENT_TARGET = 15.5;
				MARKETING_VERSION = 1.0;
				PRODUCT_BUNDLE_IDENTIFIER = com.pierre.Crypto2Tests;
				PRODUCT_NAME = "$(TARGET_NAME)";
				SWIFT_EMIT_LOC_STRINGS = NO;
				SWIFT_VERSION = 5.0;
				TARGETED_DEVICE_FAMILY = "1,2";
				TEST_HOST = "$(BUILT_PRODUCTS_DIR)/Crypto2.app/$(BUNDLE_EXECUTABLE_FOLDER_PATH)/Crypto2";
			};
			name = Debug;
		};
		FA22646428D91BE2000C9C38 /* Release */ = {
			isa = XCBuildConfiguration;
			buildSettings = {
				ALWAYS_EMBED_SWIFT_STANDARD_LIBRARIES = YES;
				BUNDLE_LOADER = "$(TEST_HOST)";
				CODE_SIGN_STYLE = Automatic;
				CURRENT_PROJECT_VERSION = 1;
				DEVELOPMENT_TEAM = YV7MJBA2GX;
				GENERATE_INFOPLIST_FILE = YES;
				IPHONEOS_DEPLOYMENT_TARGET = 15.5;
				MARKETING_VERSION = 1.0;
				PRODUCT_BUNDLE_IDENTIFIER = com.pierre.Crypto2Tests;
				PRODUCT_NAME = "$(TARGET_NAME)";
				SWIFT_EMIT_LOC_STRINGS = NO;
				SWIFT_VERSION = 5.0;
				TARGETED_DEVICE_FAMILY = "1,2";
				TEST_HOST = "$(BUILT_PRODUCTS_DIR)/Crypto2.app/$(BUNDLE_EXECUTABLE_FOLDER_PATH)/Crypto2";
			};
			name = Release;
		};
		FA22646628D91BE2000C9C38 /* Debug */ = {
			isa = XCBuildConfiguration;
			buildSettings = {
				ALWAYS_EMBED_SWIFT_STANDARD_LIBRARIES = YES;
				CODE_SIGN_STYLE = Automatic;
				CURRENT_PROJECT_VERSION = 1;
				DEVELOPMENT_TEAM = YV7MJBA2GX;
				GENERATE_INFOPLIST_FILE = YES;
				MARKETING_VERSION = 1.0;
				PRODUCT_BUNDLE_IDENTIFIER = com.pierre.Crypto2UITests;
				PRODUCT_NAME = "$(TARGET_NAME)";
				SWIFT_EMIT_LOC_STRINGS = NO;
				SWIFT_VERSION = 5.0;
				TARGETED_DEVICE_FAMILY = "1,2";
				TEST_TARGET_NAME = Crypto2;
			};
			name = Debug;
		};
		FA22646728D91BE2000C9C38 /* Release */ = {
			isa = XCBuildConfiguration;
			buildSettings = {
				ALWAYS_EMBED_SWIFT_STANDARD_LIBRARIES = YES;
				CODE_SIGN_STYLE = Automatic;
				CURRENT_PROJECT_VERSION = 1;
				DEVELOPMENT_TEAM = YV7MJBA2GX;
				GENERATE_INFOPLIST_FILE = YES;
				MARKETING_VERSION = 1.0;
				PRODUCT_BUNDLE_IDENTIFIER = com.pierre.Crypto2UITests;
				PRODUCT_NAME = "$(TARGET_NAME)";
				SWIFT_EMIT_LOC_STRINGS = NO;
				SWIFT_VERSION = 5.0;
				TARGETED_DEVICE_FAMILY = "1,2";
				TEST_TARGET_NAME = Crypto2;
			};
			name = Release;
		};
/* End XCBuildConfiguration section */

/* Begin XCConfigurationList section */
		FA22643628D91BE0000C9C38 /* Build configuration list for PBXProject "Crypto2" */ = {
			isa = XCConfigurationList;
			buildConfigurations = (
				FA22645D28D91BE2000C9C38 /* Debug */,
				FA22645E28D91BE2000C9C38 /* Release */,
			);
			defaultConfigurationIsVisible = 0;
			defaultConfigurationName = Release;
		};
		FA22645F28D91BE2000C9C38 /* Build configuration list for PBXNativeTarget "Crypto2" */ = {
			isa = XCConfigurationList;
			buildConfigurations = (
				FA22646028D91BE2000C9C38 /* Debug */,
				FA22646128D91BE2000C9C38 /* Release */,
			);
			defaultConfigurationIsVisible = 0;
			defaultConfigurationName = Release;
		};
		FA22646228D91BE2000C9C38 /* Build configuration list for PBXNativeTarget "Crypto2Tests" */ = {
			isa = XCConfigurationList;
			buildConfigurations = (
				FA22646328D91BE2000C9C38 /* Debug */,
				FA22646428D91BE2000C9C38 /* Release */,
			);
			defaultConfigurationIsVisible = 0;
			defaultConfigurationName = Release;
		};
		FA22646528D91BE2000C9C38 /* Build configuration list for PBXNativeTarget "Crypto2UITests" */ = {
			isa = XCConfigurationList;
			buildConfigurations = (
				FA22646628D91BE2000C9C38 /* Debug */,
				FA22646728D91BE2000C9C38 /* Release */,
			);
			defaultConfigurationIsVisible = 0;
			defaultConfigurationName = Release;
		};
/* End XCConfigurationList section */

/* Begin XCRemoteSwiftPackageReference section */
		FA03934A28EF7A3E00726AA2 /* XCRemoteSwiftPackageReference "firebase-ios-sdk" */ = {
			isa = XCRemoteSwiftPackageReference;
			repositoryURL = "https://github.com/firebase/firebase-ios-sdk";
			requirement = {
				kind = upToNextMajorVersion;
				minimumVersion = 9.0.0;
			};
		};
/* End XCRemoteSwiftPackageReference section */

/* Begin XCSwiftPackageProductDependency section */
		FA03934B28EF7A3E00726AA2 /* FirebaseAnalyticsWithoutAdIdSupport */ = {
			isa = XCSwiftPackageProductDependency;
			package = FA03934A28EF7A3E00726AA2 /* XCRemoteSwiftPackageReference "firebase-ios-sdk" */;
			productName = FirebaseAnalyticsWithoutAdIdSupport;
		};
/* End XCSwiftPackageProductDependency section */

/* Begin XCVersionGroup section */
		FA2264A228D92498000C9C38 /* PortfolioContainer.xcdatamodeld */ = {
			isa = XCVersionGroup;
			children = (
				FA2264A328D92498000C9C38 /* PortfolioContainer.xcdatamodel */,
			);
			currentVersion = FA2264A328D92498000C9C38 /* PortfolioContainer.xcdatamodel */;
			path = PortfolioContainer.xcdatamodeld;
			sourceTree = "<group>";
			versionGroupType = wrapper.xcdatamodel;
		};
/* End XCVersionGroup section */
	};
	rootObject = FA22643328D91BE0000C9C38 /* Project object */;
}
